
Microsoft Visual Studio Solution File, Format Version 12.00
# Visual Studio 15
VisualStudioVersion = 15.0.27703.2035
MinimumVisualStudioVersion = 10.0.40219.1
Project("{FAE04EC0-301F-11D3-BF4B-00C04F79EFBC}") = "LdapLib", "LdapLib\LdapLib.csproj", "{2B2383B9-DAEC-4C22-989B-8C50506C9E48}"
EndProject
Project("{FAE04EC0-301F-11D3-BF4B-00C04F79EFBC}") = "LdapLib.Test", "LdapLib.Test\LdapLib.Test.csproj", "{6830414B-C886-401F-A640-C023B7690AED}"
EndProject
Global
	GlobalSection(SolutionConfigurationPlatforms) = preSolution
		Debug|Any CPU = Debug|Any CPU
		Debug|ARM = Debug|ARM
		Debug|x64 = Debug|x64
		Debug|x86 = Debug|x86
		Release|Any CPU = Release|Any CPU
		Release|ARM = Release|ARM
		Release|x64 = Release|x64
		Release|x86 = Release|x86
	EndGlobalSection
	GlobalSection(ProjectConfigurationPlatforms) = postSolution
		{2B2383B9-DAEC-4C22-989B-8C50506C9E48}.Debug|Any CPU.ActiveCfg = Debug|Any CPU
		{2B2383B9-DAEC-4C22-989B-8C50506C9E48}.Debug|Any CPU.Build.0 = Debug|Any CPU
		{2B2383B9-DAEC-4C22-989B-8C50506C9E48}.Debug|ARM.ActiveCfg = Debug|Any CPU
		{2B2383B9-DAEC-4C22-989B-8C50506C9E48}.Debug|ARM.Build.0 = Debug|Any CPU
		{2B2383B9-DAEC-4C22-989B-8C50506C9E48}.Debug|x64.ActiveCfg = Debug|Any CPU
		{2B2383B9-DAEC-4C22-989B-8C50506C9E48}.Debug|x64.Build.0 = Debug|Any CPU
		{2B2383B9-DAEC-4C22-989B-8C50506C9E48}.Debug|x86.ActiveCfg = Debug|Any CPU
		{2B2383B9-DAEC-4C22-989B-8C50506C9E48}.Debug|x86.Build.0 = Debug|Any CPU
		{2B2383B9-DAEC-4C22-989B-8C50506C9E48}.Release|Any CPU.ActiveCfg = Release|Any CPU
		{2B2383B9-DAEC-4C22-989B-8C50506C9E48}.Release|Any CPU.Build.0 = Release|Any CPU
		{2B2383B9-DAEC-4C22-989B-8C50506C9E48}.Release|ARM.ActiveCfg = Release|Any CPU
		{2B2383B9-DAEC-4C22-989B-8C50506C9E48}.Release|ARM.Build.0 = Release|Any CPU
		{2B2383B9-DAEC-4C22-989B-8C50506C9E48}.Release|x64.ActiveCfg = Release|Any CPU
		{2B2383B9-DAEC-4C22-989B-8C50506C9E48}.Release|x64.Build.0 = Release|Any CPU
		{2B2383B9-DAEC-4C22-989B-8C50506C9E48}.Release|x86.ActiveCfg = Release|Any CPU
		{2B2383B9-DAEC-4C22-989B-8C50506C9E48}.Release|x86.Build.0 = Release|Any CPU
		{6830414B-C886-401F-A640-C023B7690AED}.Debug|Any CPU.ActiveCfg = Debug|Any CPU
		{6830414B-C886-401F-A640-C023B7690AED}.Debug|Any CPU.Build.0 = Debug|Any CPU
		{6830414B-C886-401F-A640-C023B7690AED}.Debug|ARM.ActiveCfg = Debug|Any CPU
		{6830414B-C886-401F-A640-C023B7690AED}.Debug|ARM.Build.0 = Debug|Any CPU
		{6830414B-C886-401F-A640-C023B7690AED}.Debug|x64.ActiveCfg = Debug|Any CPU
		{6830414B-C886-401F-A640-C023B7690AED}.Debug|x64.Build.0 = Debug|Any CPU
		{6830414B-C886-401F-A640-C023B7690AED}.Debug|x86.ActiveCfg = Debug|Any CPU
		{6830414B-C886-401F-A640-C023B7690AED}.Debug|x86.Build.0 = Debug|Any CPU
		{6830414B-C886-401F-A640-C023B7690AED}.Release|Any CPU.ActiveCfg = Release|Any CPU
		{6830414B-C886-401F-A640-C023B7690AED}.Release|Any CPU.Build.0 = Release|Any CPU
		{6830414B-C886-401F-A640-C023B7690AED}.Release|ARM.ActiveCfg = Release|Any CPU
		{6830414B-C886-401F-A640-C023B7690AED}.Release|ARM.Build.0 = Release|Any CPU
		{6830414B-C886-401F-A640-C023B7690AED}.Release|x64.ActiveCfg = Release|Any CPU
		{6830414B-C886-401F-A640-C023B7690AED}.Release|x64.Build.0 = Release|Any CPU
		{6830414B-C886-401F-A640-C023B7690AED}.Release|x86.ActiveCfg = Release|Any CPU
		{6830414B-C886-401F-A640-C023B7690AED}.Release|x86.Build.0 = Release|Any CPU
	EndGlobalSection
	GlobalSection(SolutionProperties) = preSolution
		HideSolutionNode = FALSE
	EndGlobalSection
	GlobalSection(ExtensibilityGlobals) = postSolution
		SolutionGuid = {6DE5E802-E7F9-480D-A0C6-3A6197DF07CC}
	EndGlobalSection
EndGlobal
